hash: 6ac8a11f2fd2734ace97ac2a95938b66feef9e820a6e36f2b6cdec95ca649dbd
updated: 2019-01-27T01:18:57.523354503+08:00
imports:
- name: 9fans.net/go
  version: 2374540270571f8c0e6f386539e2d3c3e4134303
  subpackages:
  - acme
  - draw
  - draw/drawfcall
  - plan9
  - plan9/client
- name: cloud.google.com/go
  version: 28a4bc8c44b3acbcc482cff0cdf7de29a4688b61
  subpackages:
  - bigtable
  - bigtable/internal/gax
  - bigtable/internal/option
  - compute/metadata
  - datastore
  - iam
  - internal
  - internal/fields
  - internal/optional
  - internal/trace
  - internal/version
  - longrunning
  - longrunning/autogen
  - storage
- name: github.com/auth0/go-jwt-middleware
  version: 5493cabe49f7bfa6e2ec444a09d334d90cd4e2bd
- name: github.com/cosiner/argv
  version: 10cf91c9a4f7fdeda06a012a98b5c902ef443666
- name: github.com/cpuguy83/go-md2man
  version: 20f5889cbdc3c73dbd2862796665e7c465ade7d1
  subpackages:
  - md2man
- name: github.com/cweill/gotests
  version: 276664f3b507425723807b6ac2cfd12ae7794349
  subpackages:
  - gotests/process
  - internal/goparser
  - internal/input
  - internal/models
  - internal/output
  - internal/render
  - internal/render/bindata
- name: github.com/davidrjenni/reftools
  version: 654d0ba4f96d62286ca33cd46f7674b84f76d399
  subpackages:
  - cmd/fillswitch/test-fixtures/typeswitch_5/internal/foo
- name: github.com/dgrijalva/jwt-go
  version: 06ea1031745cb8b3dab3f6a236daf2b0aa468b7e
- name: github.com/fatih/camelcase
  version: 9db1b65eb38bb28986b93b521af1b7891ee1b04d
- name: github.com/fatih/structtag
  version: 76ae1d6d2117609598c7d4e8f3e938145f204e8f
- name: github.com/go-delve/delve
  version: b0056ebc97d8d43a13050839521a2110655fc7eb
  subpackages:
  - cmd/dlv/cmds
  - pkg/config
  - pkg/dwarf/dwarfbuilder
  - pkg/dwarf/frame
  - pkg/dwarf/godwarf
  - pkg/dwarf/line
  - pkg/dwarf/op
  - pkg/dwarf/reader
  - pkg/dwarf/util
  - pkg/goversion
  - pkg/logflags
  - pkg/proc
  - pkg/proc/core
  - pkg/proc/core/minidump
  - pkg/proc/gdbserial
  - pkg/proc/linutil
  - pkg/proc/native
  - pkg/proc/test
  - pkg/proc/winutil
  - pkg/terminal
  - pkg/version
  - service
  - service/api
  - service/debugger
  - service/rpc1
  - service/rpc2
  - service/rpccommon
- name: github.com/go-redis/redis
  version: 22be8a3eaf992c828cecb69dc07348313bf08d2e
  subpackages:
  - internal
  - internal/consistenthash
  - internal/hashtag
  - internal/pool
  - internal/proto
  - internal/util
- name: github.com/golang/protobuf
  version: 347cf4a86c1cb8d262994d8ef5924d4576c5b331
  subpackages:
  - proto
  - protoc-gen-go/descriptor
  - ptypes
  - ptypes/any
  - ptypes/duration
  - ptypes/empty
  - ptypes/struct
  - ptypes/timestamp
  - ptypes/wrappers
- name: github.com/gomodule/redigo
  version: 02dc2736dbc3a4a56907b0d5a9fead2f71b499db
  subpackages:
  - redis
- name: github.com/google/go-github
  version: b7b480f79db7ae436e87bef80ff47596139af8f2
  subpackages:
  - github
- name: github.com/google/go-querystring
  version: 44c6ddd0a2342c386950e880b658017258da92fc
  subpackages:
  - query
- name: github.com/google/uuid
  version: 9b3b1e0f5f99ae461456d768e7d301a7acdaa2d8
- name: github.com/googleapis/gax-go
  version: ddfab93c3faef4935403ac75a7c11f0e731dc181
  subpackages:
  - v2
- name: github.com/gorilla/context
  version: 51ce91d2eaddeca0ef29a71d766bb3634dadf729
- name: github.com/gorilla/mux
  version: e3702bed27f0d39777b0b37b664b6280e8ef8fbf
- name: github.com/gorilla/securecookie
  version: e65cf8c5df817c89aeb47ecb46064e802e2de943
- name: github.com/gorilla/sessions
  version: 12bd4761fc66ac946e16fcc2a32b1e0b066f6177
- name: github.com/gosimple/slug
  version: 42ac18c34c2c6f4843fa48167317dcaa9416d1e2
- name: github.com/hashicorp/golang-lru
  version: 20f1fb78b0740ba8c3cb143a61e86ba5c8669768
  subpackages:
  - simplelru
- name: github.com/haya14busa/goplay
  version: f2d63a841a096a18bc5a974563dee7706af5708e
- name: github.com/inconshreveable/mousetrap
  version: 76626ae9c91c4f2a10f34cad8ce83ea42c93bb75
- name: github.com/jinzhu/copier
  version: 7e38e58719c33e0d44d585c4ab477a30f8cb82dd
- name: github.com/jinzhu/gorm
  version: 9f1a7f53511168c0567b4b4b4f10ab7d21265174
- name: github.com/jinzhu/inflection
  version: 04140366298a54a039076d798123ffa108fff46c
- name: github.com/jinzhu/now
  version: 8ec929ed50c3ac25ce77ba4486e1f277c552c591
- name: github.com/karrick/godirwalk
  version: dfb93c3b8093779973bb5ace7d7f7666b99d4298
- name: github.com/kisielk/gotool
  version: 80517062f582ea3340cd4baf70e86d539ae7d84d
  subpackages:
  - internal/load
- name: github.com/konsorten/go-windows-terminal-sequences
  version: 5c8c8bd35d3832f5d134ae1e1e375b69a4d25242
- name: github.com/lib/pq
  version: 4ded0e9383f75c197b3a2aaa6d590ac52df6fd79
  subpackages:
  - oid
- name: github.com/mailru/easyjson
  version: 60711f1a8329503b04e1c88535f419d0bb440bff
  subpackages:
  - buffer
  - jlexer
  - jwriter
- name: github.com/mattn/go-colorable
  version: ded68f7a9561c023e790de24279db7ebf473ea80
- name: github.com/mattn/go-isatty
  version: 6ca4dbf54d38eea1a992b3c722a76a5d1c4cb25c
- name: github.com/mattn/go-sqlite3
  version: c7c4067b79cc51e6dfdcef5c702e74b1e0fa7c75
- name: github.com/mdempsky/gocode
  version: be056ad32a5e9e6b0f640e650319100c464e19a7
  subpackages:
  - internal/cache
  - internal/gbimporter
  - internal/lookdot
  - internal/suggest
- name: github.com/microcosm-cc/bluemonday
  version: 506f3da9b7c86d737e91f16b7431df8635871552
- name: github.com/mrjones/oauth
  version: f4e24b6d100c9436cbfe5d439581653d455490e7
- name: github.com/olivere/elastic
  version: 0a907d7283f2fb93afeadf6d4e6f723a82117367
  subpackages:
  - config
  - uritemplates
- name: github.com/pborman/uuid
  version: adf5a7427709b9deb95d29d3fa8a2bf9cfd388f1
- name: github.com/peterh/liner
  version: 88609521dc4b6c858fd4c98b628147da928ce4ac
- name: github.com/pkg/errors
  version: ffb6e22f01932bf7ac35e0bad9be11f01d1c8685
- name: github.com/qor/admin
  version: 0f96b498bae72eba7eb244258a669793d50835c2
- name: github.com/qor/assetfs
  version: ff57fdc13a148d39c3e930cb27c7eaf82e376891
- name: github.com/qor/auth
  version: 46aae9fa92fa8d86deb3a98c3080a598a1dace60
  subpackages:
  - auth_identity
  - claims
  - providers/facebook
  - providers/github
  - providers/google
  - providers/password
  - providers/password/encryptor
  - providers/password/encryptor/bcrypt_encryptor
  - providers/twitter
- name: github.com/qor/auth_themes
  version: 000e8ac9b42dcc195af4267d33940b6c2ef02054
- name: github.com/qor/i18n
  version: f7206d223bcd503538783d387b61ed5720264b7b
- name: github.com/qor/mailer
  version: 0555e49f99acf5467a77747fc855d7e005d902c1
  subpackages:
  - logger
- name: github.com/qor/middlewares
  version: 781378b69454a545d08058d8154aca40d079e7ab
- name: github.com/qor/qor
  version: 49b2dd4f5840f58f43d6d83fdd32baf56ffb24b2
  subpackages:
  - utils
- name: github.com/qor/redirect_back
  version: b4161ed6f84819fb3a2d13d5c9e6872ef76d8128
- name: github.com/qor/render
  version: 63566e46f01b134ae9882a59a06518e82a903231
- name: github.com/qor/responder
  version: b6def473574f621fee316696ad120d4fbf470826
- name: github.com/qor/roles
  version: d6375609fe3e5da46ad3a574fae244fb633e79c1
- name: github.com/qor/session
  version: 8206b0adab706a6ef3ee6fabba2584d34429a26a
  subpackages:
  - gorilla
  - manager
- name: github.com/rainycape/unidecode
  version: cb7f23ec59bec0d61b19c56cd88cee3d0cc1870c
- name: github.com/rogpeppe/godef
  version: 5784335da72394c8f53d9036c26fcc876718879b
  subpackages:
  - go/ast
  - go/parser
  - go/printer
  - go/scanner
  - go/token
  - go/types
- name: github.com/russross/blackfriday
  version: a477dd1646916742841ed20379f941cfa6c5bb6f
- name: github.com/sirupsen/logrus
  version: 7d8d63893b994a654b3bc8d16ffd7fb6b9f884a4
- name: github.com/skratchdot/open-golang
  version: a2dfa6d0dab6634ecf39251031a3d52db73b5c7e
  subpackages:
  - open
- name: github.com/spf13/cobra
  version: b6cb3958937245a12d4d7728be080a6c758f4136
  subpackages:
  - doc
- name: github.com/spf13/pflag
  version: 9e4c21054fa135711121b557932b1887f2405d92
- name: github.com/sqs/goreturns
  version: 538ac601451833c7c4449f8431d65d53c1c60e41
  subpackages:
  - returns
- name: github.com/stamblerre/gocode
  version: 2f9d39d8f31d7c82b3cd12961d77d9ea3fdad69b
  subpackages:
  - internal/lookdot
  - internal/suggest
- name: github.com/uudashr/gopkgs
  version: 4b2d75f4ffef23b09dab14d527f805133ac6e530
- name: go.opencensus.io
  version: 3abc75f40a2357dfd55e20f1631a181c31cacb04
  subpackages:
  - exemplar
  - internal
  - internal/tagencoding
  - plugin/ocgrpc
  - plugin/ochttp
  - plugin/ochttp/propagation/b3
  - stats
  - stats/internal
  - stats/view
  - tag
  - trace
  - trace/internal
  - trace/propagation
  - trace/tracestate
- name: golang.org/x/arch
  version: 077ac972c2e48fdb75168a5ba36a387f0c72d8aa
  subpackages:
  - x86/x86asm
- name: golang.org/x/build
  version: 47e1a6101d0bc796c0ce3675ced363c453694c0d
  subpackages:
  - autocertcache
- name: golang.org/x/crypto
  version: fd5f17ee729917fcb39f16421460212d917a0813
  subpackages:
  - acme
  - acme/autocert
  - bcrypt
  - blowfish
  - ssh/terminal
- name: golang.org/x/lint
  version: 8f45f776aaf18cebc8d65861cc70c33c60471952
- name: golang.org/x/net
  version: d26f9f9a57f3fab6a695bec0d84433c2c50f8bbf
  subpackages:
  - context
  - context/ctxhttp
  - html
  - html/atom
  - http/httpguts
  - http2
  - http2/hpack
  - idna
  - internal/timeseries
  - trace
  - websocket
- name: golang.org/x/oauth2
  version: 5dab4167f31cbd76b407f1486c86b40748bc5073
  subpackages:
  - facebook
  - google
  - internal
  - jws
  - jwt
- name: golang.org/x/sys
  version: 8883426083c04a2627e6e59d84d5f6fb63d16c91
  subpackages:
  - unix
  - windows
- name: golang.org/x/text
  version: e6919f6577db79269a6443b9dc46d18f2238fb5d
  subpackages:
  - secure/bidirule
  - transform
  - unicode/bidi
  - unicode/norm
- name: golang.org/x/tools
  version: d66bd3c5d5a61998d3e35797d266491d11b5e487
  subpackages:
  - benchmark/parse
  - blog
  - blog/atom
  - cmd/guru
  - cmd/guru/serial
  - cmd/splitdwarf/internal/macho
  - container/intsets
  - cover
  - go/analysis
  - go/analysis/analysistest
  - go/analysis/internal/analysisflags
  - go/analysis/internal/checker
  - go/analysis/internal/facts
  - go/analysis/multichecker
  - go/analysis/passes/asmdecl
  - go/analysis/passes/assign
  - go/analysis/passes/atomic
  - go/analysis/passes/atomicalign
  - go/analysis/passes/bools
  - go/analysis/passes/buildssa
  - go/analysis/passes/buildtag
  - go/analysis/passes/cgocall
  - go/analysis/passes/composite
  - go/analysis/passes/copylock
  - go/analysis/passes/ctrlflow
  - go/analysis/passes/findcall
  - go/analysis/passes/httpresponse
  - go/analysis/passes/inspect
  - go/analysis/passes/internal/analysisutil
  - go/analysis/passes/loopclosure
  - go/analysis/passes/lostcancel
  - go/analysis/passes/nilfunc
  - go/analysis/passes/nilness
  - go/analysis/passes/pkgfact
  - go/analysis/passes/printf
  - go/analysis/passes/shadow
  - go/analysis/passes/shift
  - go/analysis/passes/stdmethods
  - go/analysis/passes/structtag
  - go/analysis/passes/tests
  - go/analysis/passes/unmarshal
  - go/analysis/passes/unreachable
  - go/analysis/passes/unsafeptr
  - go/analysis/passes/unusedresult
  - go/analysis/singlechecker
  - go/analysis/unitchecker
  - go/ast/astutil
  - go/ast/inspector
  - go/buildutil
  - go/callgraph
  - go/callgraph/cha
  - go/callgraph/rta
  - go/callgraph/static
  - go/cfg
  - go/expect
  - go/gccgoexportdata
  - go/gcexportdata
  - go/internal/cgo
  - go/internal/gccgoimporter
  - go/internal/gcimporter
  - go/internal/packagesdriver
  - go/loader
  - go/packages
  - go/packages/packagestest
  - go/pointer
  - go/ssa
  - go/ssa/interp
  - go/ssa/ssautil
  - go/types/objectpath
  - go/types/typeutil
  - godoc
  - godoc/analysis
  - godoc/dl
  - godoc/env
  - godoc/proxy
  - godoc/redirect
  - godoc/short
  - godoc/static
  - godoc/util
  - godoc/vfs
  - godoc/vfs/gatefs
  - godoc/vfs/httpfs
  - godoc/vfs/mapfs
  - godoc/vfs/zipfs
  - imports
  - internal/fastwalk
  - internal/gopathwalk
  - internal/jsonrpc2
  - internal/lsp
  - internal/lsp/cache
  - internal/lsp/cmd
  - internal/lsp/protocol
  - internal/lsp/source
  - internal/memcache
  - internal/module
  - internal/semver
  - internal/tool
  - internal/txtar
  - playground
  - playground/socket
  - present
  - refactor/eg
  - refactor/importgraph
  - refactor/rename
  - refactor/satisfy
- name: google.golang.org/api
  version: 59f8eae6bc597bfd5d5b292134c4b19d8955ed8a
  subpackages:
  - cloudresourcemanager/v1
  - gensupport
  - googleapi
  - googleapi/internal/uritemplates
  - googleapi/transport
  - internal
  - iterator
  - option
  - storage/v1
  - transport
  - transport/grpc
  - transport/http
  - transport/http/internal/propagation
- name: google.golang.org/appengine
  version: e9657d882bb81064595ca3b56cbe2546bbabf7b1
  subpackages:
  - internal
  - internal/app_identity
  - internal/base
  - internal/datastore
  - internal/log
  - internal/modules
  - internal/remote_api
  - internal/socket
  - internal/urlfetch
  - internal/user
  - log
  - socket
  - urlfetch
  - user
- name: google.golang.org/genproto
  version: 8819c946db4494a2259bf100a377f51aa585d893
  subpackages:
  - googleapis/api/annotations
  - googleapis/bigtable/admin/v2
  - googleapis/bigtable/v2
  - googleapis/datastore/v1
  - googleapis/iam/v1
  - googleapis/longrunning
  - googleapis/rpc/code
  - googleapis/rpc/status
  - googleapis/type/latlng
  - protobuf/field_mask
- name: google.golang.org/grpc
  version: 6086f8d68f83701fc00a9549c30c2b48861c8a6f
  subpackages:
  - balancer
  - balancer/base
  - balancer/roundrobin
  - binarylog/grpc_binarylog_v1
  - codes
  - connectivity
  - credentials
  - credentials/internal
  - credentials/oauth
  - encoding
  - encoding/proto
  - grpclog
  - internal
  - internal/backoff
  - internal/binarylog
  - internal/channelz
  - internal/envconfig
  - internal/grpcrand
  - internal/grpcsync
  - internal/syscall
  - internal/transport
  - keepalive
  - metadata
  - naming
  - peer
  - resolver
  - resolver/dns
  - resolver/passthrough
  - stats
  - status
  - tap
- name: gopkg.in/olivere/elastic.v3
  version: f5738570b28a4b5fab39442e3a5b5ffc599a562c
- name: gopkg.in/yaml.v2
  version: cd8b52f8269e0feb286dfeef29f8fe4d5b397e0b
testImports:
- name: github.com/pkg/profile
  version: 06b906832ed0e32302a942b63b6c5f8359034d26
