hash: 6ac8a11f2fd2734ace97ac2a95938b66feef9e820a6e36f2b6cdec95ca649dbd
updated: 2019-03-01T02:22:28.876855807+08:00
imports:
- name: cloud.google.com/go
  version: 28a4bc8c44b3acbcc482cff0cdf7de29a4688b61
  subpackages:
  - bigtable
  - bigtable/internal/gax
  - bigtable/internal/option
  - compute/metadata
  - iam
  - internal
  - internal/optional
  - internal/trace
  - internal/version
  - longrunning
  - longrunning/autogen
  - storage
- name: github.com/auth0/go-jwt-middleware
  version: 5493cabe49f7bfa6e2ec444a09d334d90cd4e2bd
- name: github.com/dgrijalva/jwt-go
  version: 06ea1031745cb8b3dab3f6a236daf2b0aa468b7e
- name: github.com/go-redis/redis
  version: d22fde8721cc915a55aeb6b00944a76a92bfeb6e
  subpackages:
  - internal
  - internal/consistenthash
  - internal/hashtag
  - internal/pool
  - internal/proto
  - internal/util
- name: github.com/golang/protobuf
  version: 347cf4a86c1cb8d262994d8ef5924d4576c5b331
  subpackages:
  - proto
  - protoc-gen-go/descriptor
  - ptypes
  - ptypes/any
  - ptypes/duration
  - ptypes/empty
  - ptypes/timestamp
  - ptypes/wrappers
- name: github.com/google/uuid
  version: 9b3b1e0f5f99ae461456d768e7d301a7acdaa2d8
- name: github.com/googleapis/gax-go
  version: ddfab93c3faef4935403ac75a7c11f0e731dc181
  subpackages:
  - v2
- name: github.com/gorilla/context
  version: 51ce91d2eaddeca0ef29a71d766bb3634dadf729
- name: github.com/gorilla/mux
  version: e3702bed27f0d39777b0b37b664b6280e8ef8fbf
- name: github.com/hashicorp/golang-lru
  version: 20f1fb78b0740ba8c3cb143a61e86ba5c8669768
  subpackages:
  - simplelru
- name: github.com/lib/pq
  version: 4ded0e9383f75c197b3a2aaa6d590ac52df6fd79
  subpackages:
  - oid
- name: github.com/mailru/easyjson
  version: 60711f1a8329503b04e1c88535f419d0bb440bff
  subpackages:
  - buffer
  - jlexer
  - jwriter
- name: github.com/mattn/go-sqlite3
  version: c7c4067b79cc51e6dfdcef5c702e74b1e0fa7c75
- name: github.com/olivere/elastic
  version: 0a907d7283f2fb93afeadf6d4e6f723a82117367
  subpackages:
  - config
  - uritemplates
- name: github.com/pborman/uuid
  version: adf5a7427709b9deb95d29d3fa8a2bf9cfd388f1
- name: github.com/pkg/errors
  version: ffb6e22f01932bf7ac35e0bad9be11f01d1c8685
- name: github.com/qor/admin
  version: fdf69a0f6f3244b958df68cdb8f199bfe8405f5d
- name: github.com/qor/auth
  version: 46aae9fa92fa8d86deb3a98c3080a598a1dace60
- name: github.com/qor/auth_themes
  version: 000e8ac9b42dcc195af4267d33940b6c2ef02054
- name: github.com/qor/i18n
  version: f7206d223bcd503538783d387b61ed5720264b7b
- name: github.com/qor/qor
  version: 444beedfc95a21bb87eda2419d301b0c3d755fd2
- name: github.com/qor/render
  version: 63566e46f01b134ae9882a59a06518e82a903231
- name: github.com/qor/roles
  version: d6375609fe3e5da46ad3a574fae244fb633e79c1
- name: github.com/qor/session
  version: 8206b0adab706a6ef3ee6fabba2584d34429a26a
- name: go.opencensus.io
  version: 3abc75f40a2357dfd55e20f1631a181c31cacb04
  subpackages:
  - exemplar
  - internal
  - internal/tagencoding
  - plugin/ocgrpc
  - plugin/ochttp
  - plugin/ochttp/propagation/b3
  - stats
  - stats/internal
  - stats/view
  - tag
  - trace
  - trace/internal
  - trace/propagation
  - trace/tracestate
- name: golang.org/x/crypto
  version: fd5f17ee729917fcb39f16421460212d917a0813
  subpackages:
  - bcrypt
  - blowfish
- name: golang.org/x/net
  version: d26f9f9a57f3fab6a695bec0d84433c2c50f8bbf
  subpackages:
  - context
  - context/ctxhttp
  - http/httpguts
  - http2
  - http2/hpack
  - idna
  - internal/timeseries
  - trace
- name: golang.org/x/oauth2
  version: 5dab4167f31cbd76b407f1486c86b40748bc5073
  subpackages:
  - google
  - internal
  - jws
  - jwt
- name: golang.org/x/sys
  version: 8883426083c04a2627e6e59d84d5f6fb63d16c91
  subpackages:
  - unix
- name: golang.org/x/text
  version: e6919f6577db79269a6443b9dc46d18f2238fb5d
  subpackages:
  - secure/bidirule
  - transform
  - unicode/bidi
  - unicode/norm
- name: google.golang.org/api
  version: 59f8eae6bc597bfd5d5b292134c4b19d8955ed8a
  subpackages:
  - cloudresourcemanager/v1
  - gensupport
  - googleapi
  - googleapi/internal/uritemplates
  - googleapi/transport
  - internal
  - iterator
  - option
  - storage/v1
  - transport
  - transport/grpc
  - transport/http
  - transport/http/internal/propagation
- name: google.golang.org/appengine
  version: e9657d882bb81064595ca3b56cbe2546bbabf7b1
  subpackages:
  - internal
  - internal/app_identity
  - internal/base
  - internal/datastore
  - internal/log
  - internal/modules
  - internal/remote_api
  - internal/socket
  - internal/urlfetch
  - socket
  - urlfetch
- name: google.golang.org/genproto
  version: 8819c946db4494a2259bf100a377f51aa585d893
  subpackages:
  - googleapis/api/annotations
  - googleapis/bigtable/admin/v2
  - googleapis/bigtable/v2
  - googleapis/iam/v1
  - googleapis/longrunning
  - googleapis/rpc/code
  - googleapis/rpc/status
  - protobuf/field_mask
- name: google.golang.org/grpc
  version: 6086f8d68f83701fc00a9549c30c2b48861c8a6f
  subpackages:
  - balancer
  - balancer/base
  - balancer/roundrobin
  - binarylog/grpc_binarylog_v1
  - codes
  - connectivity
  - credentials
  - credentials/internal
  - credentials/oauth
  - encoding
  - encoding/proto
  - grpclog
  - internal
  - internal/backoff
  - internal/binarylog
  - internal/channelz
  - internal/envconfig
  - internal/grpcrand
  - internal/grpcsync
  - internal/syscall
  - internal/transport
  - keepalive
  - metadata
  - naming
  - peer
  - resolver
  - resolver/dns
  - resolver/passthrough
  - stats
  - status
  - tap
- name: gopkg.in/olivere/elastic.v3
  version: 407a1d940dcc89e279c579eb393d0bdde8fd9ac4
testImports: []
